Microsoft Visual Studio Solution File, Format Version 12.00
# Visual Studio Version 17
VisualStudioVersion = 17.5.2.0
MinimumVisualStudioVersion = 10.0.40219.1
Project("{FAE04EC0-301F-11D3-BF4B-00C04F79EFBC}") = "5-1-25-task1.DAL", "5-1-25-task1.DAL.csproj", "{A865EE5E-C21F-F1D9-2A3E-663AA8FEFB53}"
EndProject
Global
	GlobalSection(SolutionConfigurationPlatforms) = preSolution
		Debug|Any CPU = Debug|Any CPU
		Release|Any CPU = Release|Any CPU
	EndGlobalSection
	GlobalSection(ProjectConfigurationPlatforms) = postSolution
		{A865EE5E-C21F-F1D9-2A3E-663AA8FEFB53}.Debug|Any CPU.ActiveCfg = Debug|Any CPU
		{A865EE5E-C21F-F1D9-2A3E-663AA8FEFB53}.Debug|Any CPU.Build.0 = Debug|Any CPU
		{A865EE5E-C21F-F1D9-2A3E-663AA8FEFB53}.Release|Any CPU.ActiveCfg = Release|Any CPU
		{A865EE5E-C21F-F1D9-2A3E-663AA8FEFB53}.Release|Any CPU.Build.0 = Release|Any CPU
	EndGlobalSection
	GlobalSection(SolutionProperties) = preSolution
		HideSolutionNode = FALSE
	EndGlobalSection
	GlobalSection(ExtensibilityGlobals) = postSolution
		SolutionGuid = {49DD12B9-740D-4EAE-A222-7BD97DD81190}
	EndGlobalSection
EndGlobal
