
Microsoft Visual Studio Solution File, Format Version 12.00
# Visual Studio Version 17
VisualStudioVersion = 17.14.36017.23
MinimumVisualStudioVersion = 10.0.40219.1
Project("{FAE04EC0-301F-11D3-BF4B-00C04F79EFBC}") = "5-1-25-task1.DAL", "5-1-25-task1.DAL\5-1-25-task1.DAL.csproj", "{BDE6D1BC-6DC5-4131-B5A8-2E30870E3F86}"
EndProject
Project("{FAE04EC0-301F-11D3-BF4B-00C04F79EFBC}") = "5-1-25-task1.BL", "5-1-25-task1.BL\5-1-25-task1.BL.csproj", "{C6BDA5F3-6F08-481B-B80C-58467DA9B96E}"
EndProject
Project("{FAE04EC0-301F-11D3-BF4B-00C04F79EFBC}") = "5-1-25-task1.MVC", "5-1-25-task1.MVC\5-1-25-task1.MVC.csproj", "{D1137273-B2BE-454E-9A18-B1EFC645A97E}"
EndProject
Global
	GlobalSection(SolutionConfigurationPlatforms) = preSolution
		Debug|Any CPU = Debug|Any CPU
		Release|Any CPU = Release|Any CPU
	EndGlobalSection
	GlobalSection(ProjectConfigurationPlatforms) = postSolution
		{BDE6D1BC-6DC5-4131-B5A8-2E30870E3F86}.Debug|Any CPU.ActiveCfg = Debug|Any CPU
		{BDE6D1BC-6DC5-4131-B5A8-2E30870E3F86}.Debug|Any CPU.Build.0 = Debug|Any CPU
		{BDE6D1BC-6DC5-4131-B5A8-2E30870E3F86}.Release|Any CPU.ActiveCfg = Release|Any CPU
		{BDE6D1BC-6DC5-4131-B5A8-2E30870E3F86}.Release|Any CPU.Build.0 = Release|Any CPU
		{C6BDA5F3-6F08-481B-B80C-58467DA9B96E}.Debug|Any CPU.ActiveCfg = Debug|Any CPU
		{C6BDA5F3-6F08-481B-B80C-58467DA9B96E}.Debug|Any CPU.Build.0 = Debug|Any CPU
		{C6BDA5F3-6F08-481B-B80C-58467DA9B96E}.Release|Any CPU.ActiveCfg = Release|Any CPU
		{C6BDA5F3-6F08-481B-B80C-58467DA9B96E}.Release|Any CPU.Build.0 = Release|Any CPU
		{D1137273-B2BE-454E-9A18-B1EFC645A97E}.Debug|Any CPU.ActiveCfg = Debug|Any CPU
		{D1137273-B2BE-454E-9A18-B1EFC645A97E}.Debug|Any CPU.Build.0 = Debug|Any CPU
		{D1137273-B2BE-454E-9A18-B1EFC645A97E}.Release|Any CPU.ActiveCfg = Release|Any CPU
		{D1137273-B2BE-454E-9A18-B1EFC645A97E}.Release|Any CPU.Build.0 = Release|Any CPU
	EndGlobalSection
	GlobalSection(SolutionProperties) = preSolution
		HideSolutionNode = FALSE
	EndGlobalSection
	GlobalSection(ExtensibilityGlobals) = postSolution
		SolutionGuid = {CEBB5578-C36C-4422-B40D-D4BAAFF52A40}
	EndGlobalSection
EndGlobal
